
Microsoft Visual Studio Solution File, Format Version 12.00
# Visual Studio Version 16
VisualStudioVersion = 16.0.31624.102
MinimumVisualStudioVersion = 10.0.40219.1
Project("{FAE04EC0-301F-11D3-BF4B-00C04F79EFBC}") = "Ocaramba.SeleniumTests", "Ocaramba.SeleniumTests\Ocaramba.SeleniumTests.csproj", "{2388FDA9-F30E-44D2-9EA7-A059C465FDD8}"
EndProject
Global
	GlobalSection(SolutionConfigurationPlatforms) = preSolution
		Debug|Any CPU = Debug|Any CPU
		Release|Any CPU = Release|Any CPU
	EndGlobalSection
	GlobalSection(ProjectConfigurationPlatforms) = postSolution
		{2388FDA9-F30E-44D2-9EA7-A059C465FDD8}.Debug|Any CPU.ActiveCfg = Debug|Any CPU
		{2388FDA9-F30E-44D2-9EA7-A059C465FDD8}.Debug|Any CPU.Build.0 = Debug|Any CPU
		{2388FDA9-F30E-44D2-9EA7-A059C465FDD8}.Release|Any CPU.ActiveCfg = Release|Any CPU
		{2388FDA9-F30E-44D2-9EA7-A059C465FDD8}.Release|Any CPU.Build.0 = Release|Any CPU
	EndGlobalSection
	GlobalSection(SolutionProperties) = preSolution
		HideSolutionNode = FALSE
	EndGlobalSection
	GlobalSection(ExtensibilityGlobals) = postSolution
		SolutionGuid = {6F94297D-A31E-4F12-B0A8-C43429ABA592}
	EndGlobalSection
EndGlobal
